
Microsoft Visual Studio Solution File, Format Version 12.00
# Visual Studio Version 17
VisualStudioVersion = 17.5.002.0
MinimumVisualStudioVersion = 10.0.40219.1
Project("{FAE04EC0-301F-11D3-BF4B-00C04F79EFBC}") = "WebApi", "WebApi\WebApi.csproj", "{4BB4BC92-A117-4B35-A06E-8DA928AD3DA9}"
EndProject
Project("{FAE04EC0-301F-11D3-BF4B-00C04F79EFBC}") = "Data", "Data\Data.csproj", "{0A33F31F-46DA-4B6F-B0EE-C619A1422644}"
EndProject
Global
	GlobalSection(SolutionConfigurationPlatforms) = preSolution
		Debug|Any CPU = Debug|Any CPU
		Release|Any CPU = Release|Any CPU
	EndGlobalSection
	GlobalSection(ProjectConfigurationPlatforms) = postSolution
		{740AC9A1-C6FF-4EB3-8B97-29D9C64A5D12}.Debug|Any CPU.ActiveCfg = Debug|Any CPU
		{740AC9A1-C6FF-4EB3-8B97-29D9C64A5D12}.Debug|Any CPU.Build.0 = Debug|Any CPU
		{740AC9A1-C6FF-4EB3-8B97-29D9C64A5D12}.Release|Any CPU.ActiveCfg = Release|Any CPU
		{740AC9A1-C6FF-4EB3-8B97-29D9C64A5D12}.Release|Any CPU.Build.0 = Release|Any CPU
		{4BB4BC92-A117-4B35-A06E-8DA928AD3DA9}.Debug|Any CPU.ActiveCfg = Debug|Any CPU
		{4BB4BC92-A117-4B35-A06E-8DA928AD3DA9}.Debug|Any CPU.Build.0 = Debug|Any CPU
		{4BB4BC92-A117-4B35-A06E-8DA928AD3DA9}.Release|Any CPU.ActiveCfg = Release|Any CPU
		{4BB4BC92-A117-4B35-A06E-8DA928AD3DA9}.Release|Any CPU.Build.0 = Release|Any CPU
		{0A33F31F-46DA-4B6F-B0EE-C619A1422644}.Debug|Any CPU.ActiveCfg = Debug|Any CPU
		{0A33F31F-46DA-4B6F-B0EE-C619A1422644}.Debug|Any CPU.Build.0 = Debug|Any CPU
		{0A33F31F-46DA-4B6F-B0EE-C619A1422644}.Release|Any CPU.ActiveCfg = Release|Any CPU
		{0A33F31F-46DA-4B6F-B0EE-C619A1422644}.Release|Any CPU.Build.0 = Release|Any CPU
	EndGlobalSection
	GlobalSection(SolutionProperties) = preSolution
		HideSolutionNode = FALSE
	EndGlobalSection
	GlobalSection(ExtensibilityGlobals) = postSolution
		SolutionGuid = {B252BDC6-AD3A-4A0A-9923-EA77FE1CFA61}
	EndGlobalSection
EndGlobal
